
Microsoft Visual Studio Solution File, Format Version 12.00
# Visual Studio Version 17
VisualStudioVersion = 17.12.35728.132
MinimumVisualStudioVersion = 10.0.40219.1
Project("{FAE04EC0-301F-11D3-BF4B-00C04F79EFBC}") = "GiteeCli", "GiteeCli\GiteeCli.csproj", "{BA9C5296-352F-47A9-A729-6A041CB6D294}"
EndProject
Project("{FAE04EC0-301F-11D3-BF4B-00C04F79EFBC}") = "Test", "Test\Test.csproj", "{FC227E6E-52C6-47B4-9BAC-887CACC1C89F}"
EndProject
Global
	GlobalSection(SolutionConfigurationPlatforms) = preSolution
		Debug|Any CPU = Debug|Any CPU
		Release|Any CPU = Release|Any CPU
	EndGlobalSection
	GlobalSection(ProjectConfigurationPlatforms) = postSolution
		{BA9C5296-352F-47A9-A729-6A041CB6D294}.Debug|Any CPU.ActiveCfg = Debug|Any CPU
		{BA9C5296-352F-47A9-A729-6A041CB6D294}.Debug|Any CPU.Build.0 = Debug|Any CPU
		{BA9C5296-352F-47A9-A729-6A041CB6D294}.Release|Any CPU.ActiveCfg = Release|Any CPU
		{BA9C5296-352F-47A9-A729-6A041CB6D294}.Release|Any CPU.Build.0 = Release|Any CPU
		{FC227E6E-52C6-47B4-9BAC-887CACC1C89F}.Debug|Any CPU.ActiveCfg = Debug|Any CPU
		{FC227E6E-52C6-47B4-9BAC-887CACC1C89F}.Debug|Any CPU.Build.0 = Debug|Any CPU
		{FC227E6E-52C6-47B4-9BAC-887CACC1C89F}.Release|Any CPU.ActiveCfg = Release|Any CPU
		{FC227E6E-52C6-47B4-9BAC-887CACC1C89F}.Release|Any CPU.Build.0 = Release|Any CPU
	EndGlobalSection
	GlobalSection(SolutionProperties) = preSolution
		HideSolutionNode = FALSE
	EndGlobalSection
	GlobalSection(ExtensibilityGlobals) = postSolution
		SolutionGuid = {6CBD5B3B-529F-413D-9594-A98D0AB54BE7}
	EndGlobalSection
EndGlobal
